
Microsoft Visual Studio Solution File, Format Version 12.00
# Visual Studio Version 17
VisualStudioVersion = 17.2.32516.85
MinimumVisualStudioVersion = 10.0.40219.1
Project("{FAE04EC0-301F-11D3-BF4B-00C04F79EFBC}") = "Beräkna kontrollsiffra", "Beräkna kontrollsiffra\Beräkna kontrollsiffra.csproj", "{2BEFA81B-8E98-46F0-AF4B-22135CE85D37}"
EndProject
Global
	GlobalSection(SolutionConfigurationPlatforms) = preSolution
		Debug|Any CPU = Debug|Any CPU
		Release|Any CPU = Release|Any CPU
	EndGlobalSection
	GlobalSection(ProjectConfigurationPlatforms) = postSolution
		{2BEFA81B-8E98-46F0-AF4B-22135CE85D37}.Debug|Any CPU.ActiveCfg = Debug|Any CPU
		{2BEFA81B-8E98-46F0-AF4B-22135CE85D37}.Debug|Any CPU.Build.0 = Debug|Any CPU
		{2BEFA81B-8E98-46F0-AF4B-22135CE85D37}.Release|Any CPU.ActiveCfg = Release|Any CPU
		{2BEFA81B-8E98-46F0-AF4B-22135CE85D37}.Release|Any CPU.Build.0 = Release|Any CPU
	EndGlobalSection
	GlobalSection(SolutionProperties) = preSolution
		HideSolutionNode = FALSE
	EndGlobalSection
	GlobalSection(ExtensibilityGlobals) = postSolution
		SolutionGuid = {42275297-C03F-497E-84BF-09F831AE6658}
	EndGlobalSection
EndGlobal
